
Microsoft Visual Studio Solution File, Format Version 12.00
# Visual Studio Version 16
VisualStudioVersion = 16.0.30717.126
MinimumVisualStudioVersion = 10.0.40219.1
Project("{FAE04EC0-301F-11D3-BF4B-00C04F79EFBC}") = "ForestRush", "ForestRush\ForestRush.csproj", "{31BCA9E0-446F-4E56-B253-1141A0D67A85}"
EndProject
Project("{FAE04EC0-301F-11D3-BF4B-00C04F79EFBC}") = "Psilibrary", "Psilibrary\Psilibrary.csproj", "{DD652E9A-9085-4FF1-A4E7-6DB9736CB3D7}"
EndProject
Global
	GlobalSection(SolutionConfigurationPlatforms) = preSolution
		Debug|Any CPU = Debug|Any CPU
		Release|Any CPU = Release|Any CPU
	EndGlobalSection
	GlobalSection(ProjectConfigurationPlatforms) = postSolution
		{31BCA9E0-446F-4E56-B253-1141A0D67A85}.Debug|Any CPU.ActiveCfg = Debug|Any CPU
		{31BCA9E0-446F-4E56-B253-1141A0D67A85}.Debug|Any CPU.Build.0 = Debug|Any CPU
		{31BCA9E0-446F-4E56-B253-1141A0D67A85}.Release|Any CPU.ActiveCfg = Release|Any CPU
		{31BCA9E0-446F-4E56-B253-1141A0D67A85}.Release|Any CPU.Build.0 = Release|Any CPU
		{DD652E9A-9085-4FF1-A4E7-6DB9736CB3D7}.Debug|Any CPU.ActiveCfg = Debug|Any CPU
		{DD652E9A-9085-4FF1-A4E7-6DB9736CB3D7}.Debug|Any CPU.Build.0 = Debug|Any CPU
		{DD652E9A-9085-4FF1-A4E7-6DB9736CB3D7}.Release|Any CPU.ActiveCfg = Release|Any CPU
		{DD652E9A-9085-4FF1-A4E7-6DB9736CB3D7}.Release|Any CPU.Build.0 = Release|Any CPU
	EndGlobalSection
	GlobalSection(SolutionProperties) = preSolution
		HideSolutionNode = FALSE
	EndGlobalSection
	GlobalSection(ExtensibilityGlobals) = postSolution
		SolutionGuid = {2465C810-090E-4D52-8850-9A86CBDDDC82}
	EndGlobalSection
EndGlobal
